
Microsoft Visual Studio Solution File, Format Version 12.00
# Visual Studio Version 17
VisualStudioVersion = 17.8.34316.72
MinimumVisualStudioVersion = 10.0.40219.1
Project("{FAE04EC0-301F-11D3-BF4B-00C04F79EFBC}") = "Testing", "Testing.csproj", "{94696563-4FE1-4894-B732-917B422803ED}"
EndProject
Global
	GlobalSection(SolutionConfigurationPlatforms) = preSolution
		Debug|Any CPU = Debug|Any CPU
		Release|Any CPU = Release|Any CPU
	EndGlobalSection
	GlobalSection(ProjectConfigurationPlatforms) = postSolution
		{94696563-4FE1-4894-B732-917B422803ED}.Debug|Any CPU.ActiveCfg = Debug|Any CPU
		{94696563-4FE1-4894-B732-917B422803ED}.Debug|Any CPU.Build.0 = Debug|Any CPU
		{94696563-4FE1-4894-B732-917B422803ED}.Release|Any CPU.ActiveCfg = Release|Any CPU
		{94696563-4FE1-4894-B732-917B422803ED}.Release|Any CPU.Build.0 = Release|Any CPU
	EndGlobalSection
	GlobalSection(SolutionProperties) = preSolution
		HideSolutionNode = FALSE
	EndGlobalSection
	GlobalSection(ExtensibilityGlobals) = postSolution
		SolutionGuid = {3D8F1BD9-EA4C-46A8-9FB5-7FE5896D7789}
	EndGlobalSection
EndGlobal
